// !$*UTF8*$!
{
	archiveVersion = 1;
	classes = {
	};
	objectVersion = 46;
	objects = {

/* Begin PBXBuildFile section */
		1E13AC4B1DFAAB8400455A03 /* UITableView1.m in Sources */ = {isa = PBXBuildFile; fileRef = 1E13AC4A1DFAAB8400455A03 /* UITableView1.m */; };
		1E13AC4E1DFAD5EA00455A03 /* UITableViewEnhancedController.m in Sources */ = {isa = PBXBuildFile; fileRef = 1E13AC4D1DFAD5EA00455A03 /* UITableViewEnhancedController.m */; };
		1E27C86F1EB577CB00405D68 /* RecordController.m in Sources */ = {isa = PBXBuildFile; fileRef = 1E27C86E1EB577CA00405D68 /* RecordController.m */; };
		1E2A2D1F1E4DB3BE008998A9 /* AVPlayerViewController.m in Sources */ = {isa = PBXBuildFile; fileRef = 1E2A2D1E1E4DB3BE008998A9 /* AVPlayerViewController.m */; };
		1E2A2D221E4DB595008998A9 /* PlayerView.m in Sources */ = {isa = PBXBuildFile; fileRef = 1E2A2D211E4DB595008998A9 /* PlayerView.m */; };
		1E434A3D1DDEE1810099EB15 /* UITestController.m in Sources */ = {isa = PBXBuildFile; fileRef = 1E434A3C1DDEE1810099EB15 /* UITestController.m */; };
		1E434AB11DDEF0B40099EB15 /* Resource in Resources */ = {isa = PBXBuildFile; fileRef = 1E434AAF1DDEEC1D0099EB15 /* Resource */; };
		1E54A8771D53896F004ABE82 /* MainViewController.m in Sources */ = {isa = PBXBuildFile; fileRef = 1E54A8761D53896F004ABE82 /* MainViewController.m */; };
		1E7D3BDA1EB5EDB800FCE97A /* VideoCompositionController.m in Sources */ = {isa = PBXBuildFile; fileRef = 1E7D3BD91EB5EDB800FCE97A /* VideoCompositionController.m */; };
		1EA426321D5499AD008B96A7 /* EntryCell.m in Sources */ = {isa = PBXBuildFile; fileRef = 1EA426311D5499AD008B96A7 /* EntryCell.m */; };
		1EC2E5F51CC2662600A5FC44 /* main.m in Sources */ = {isa = PBXBuildFile; fileRef = 1EC2E5F41CC2662600A5FC44 /* main.m */; };
		1EC2E5F81CC2662600A5FC44 /* AppDelegate.m in Sources */ = {isa = PBXBuildFile; fileRef = 1EC2E5F71CC2662600A5FC44 /* AppDelegate.m */; };
		1EC2E5FB1CC2662600A5FC44 /* ViewController.m in Sources */ = {isa = PBXBuildFile; fileRef = 1EC2E5FA1CC2662600A5FC44 /* ViewController.m */; };
		1EC2E6011CC2662600A5FC44 /* HelloIOS.xcdatamodeld in Sources */ = {isa = PBXBuildFile; fileRef = 1EC2E5FF1CC2662600A5FC44 /* HelloIOS.xcdatamodeld */; };
		1EC2E6031CC2662600A5FC44 /* Assets.xcassets in Resources */ = {isa = PBXBuildFile; fileRef = 1EC2E6021CC2662600A5FC44 /* Assets.xcassets */; };
		1EC2E6061CC2662600A5FC44 /* LaunchScreen.storyboard in Resources */ = {isa = PBXBuildFile; fileRef = 1EC2E6041CC2662600A5FC44 /* LaunchScreen.storyboard */; };
		3407599E1D58905600089DB2 /* TableViewCell.m in Sources */ = {isa = PBXBuildFile; fileRef = 3407599D1D58905600089DB2 /* TableViewCell.m */; };
		34B6F0AD1DD968EB00E46C20 /* SimpleTableViewController.m in Sources */ = {isa = PBXBuildFile; fileRef = 34B6F0AC1DD968EB00E46C20 /* SimpleTableViewController.m */; };
		34C510C01D5C754B00E4A0BC /* Main.storyboard in Resources */ = {isa = PBXBuildFile; fileRef = 34C510BB1D5C754B00E4A0BC /* Main.storyboard */; };
		34C510C11D5C754B00E4A0BC /* BiggerTableViewCell.m in Sources */ = {isa = PBXBuildFile; fileRef = 34C510BD1D5C754B00E4A0BC /* BiggerTableViewCell.m */; };
		34C510C21D5C754B00E4A0BC /* BiggerTableViewController.m in Sources */ = {isa = PBXBuildFile; fileRef = 34C510BF1D5C754B00E4A0BC /* BiggerTableViewController.m */; };
/* End PBXBuildFile section */

/* Begin PBXFileReference section */
		1E13AC491DFAAB8400455A03 /* UITableView1.h */ = {isa = PBXFileReference; fileEncoding = 4; lastKnownFileType = sourcecode.c.h; name = UITableView1.h; path = Widgets/UITableView1.h; sourceTree = "<group>"; };
		1E13AC4A1DFAAB8400455A03 /* UITableView1.m */ = {isa = PBXFileReference; fileEncoding = 4; lastKnownFileType = sourcecode.c.objc; name = UITableView1.m; path = Widgets/UITableView1.m; sourceTree = "<group>"; };
		1E13AC4C1DFAD5EA00455A03 /* UITableViewEnhancedController.h */ = {isa = PBXFileReference; fileEncoding = 4; lastKnownFileType = sourcecode.c.h; path = UITableViewEnhancedController.h; sourceTree = "<group>"; };
		1E13AC4D1DFAD5EA00455A03 /* UITableViewEnhancedController.m */ = {isa = PBXFileReference; fileEncoding = 4; lastKnownFileType = sourcecode.c.objc; path = UITableViewEnhancedController.m; sourceTree = "<group>"; };
		1E27C86D1EB577CA00405D68 /* RecordController.h */ = {isa = PBXFileReference; fileEncoding = 4; lastKnownFileType = sourcecode.c.h; path = RecordController.h; sourceTree = "<group>"; };
		1E27C86E1EB577CA00405D68 /* RecordController.m */ = {isa = PBXFileReference; fileEncoding = 4; lastKnownFileType = sourcecode.c.objc; path = RecordController.m; sourceTree = "<group>"; };
		1E27C8701EB57B1D00405D68 /* UserDefine.h */ = {isa = PBXFileReference; lastKnownFileType = sourcecode.c.h; path = UserDefine.h; sourceTree = "<group>"; };
		1E2A2D1D1E4DB3BE008998A9 /* AVPlayerViewController.h */ = {isa = PBXFileReference; fileEncoding = 4; lastKnownFileType = sourcecode.c.h; path = AVPlayerViewController.h; sourceTree = "<group>"; };
		1E2A2D1E1E4DB3BE008998A9 /* AVPlayerViewController.m */ = {isa = PBXFileReference; fileEncoding = 4; lastKnownFileType = sourcecode.c.objc; path = AVPlayerViewController.m; sourceTree = "<group>"; };
		1E2A2D201E4DB595008998A9 /* PlayerView.h */ = {isa = PBXFileReference; fileEncoding = 4; lastKnownFileType = sourcecode.c.h; path = PlayerView.h; sourceTree = "<group>"; };
		1E2A2D211E4DB595008998A9 /* PlayerView.m */ = {isa = PBXFileReference; fileEncoding = 4; lastKnownFileType = sourcecode.c.objc; path = PlayerView.m; sourceTree = "<group>"; };
		1E434A3B1DDEE1810099EB15 /* UITestController.h */ = {isa = PBXFileReference; fileEncoding = 4; lastKnownFileType = sourcecode.c.h; path = UITestController.h; sourceTree = "<group>"; };
		1E434A3C1DDEE1810099EB15 /* UITestController.m */ = {isa = PBXFileReference; fileEncoding = 4; lastKnownFileType = sourcecode.c.objc; path = UITestController.m; sourceTree = "<group>"; };
		1E434AAF1DDEEC1D0099EB15 /* Resource */ = {isa = PBXFileReference; lastKnownFileType = folder; path = Resource; sourceTree = "<group>"; };
		1E54A8751D53896F004ABE82 /* MainViewController.h */ = {isa = PBXFileReference; fileEncoding = 4; lastKnownFileType = sourcecode.c.h; path = MainViewController.h; sourceTree = "<group>"; };
		1E54A8761D53896F004ABE82 /* MainViewController.m */ = {isa = PBXFileReference; fileEncoding = 4; lastKnownFileType = sourcecode.c.objc; path = MainViewController.m; sourceTree = "<group>"; };
		1E7D3BD81EB5EDB800FCE97A /* VideoCompositionController.h */ = {isa = PBXFileReference; fileEncoding = 4; lastKnownFileType = sourcecode.c.h; path = VideoCompositionController.h; sourceTree = "<group>"; };
		1E7D3BD91EB5EDB800FCE97A /* VideoCompositionController.m */ = {isa = PBXFileReference; fileEncoding = 4; lastKnownFileType = sourcecode.c.objc; path = VideoCompositionController.m; sourceTree = "<group>"; };
		1EA426301D5499AD008B96A7 /* EntryCell.h */ = {isa = PBXFileReference; fileEncoding = 4; lastKnownFileType = sourcecode.c.h; path = EntryCell.h; sourceTree = "<group>"; };
		1EA426311D5499AD008B96A7 /* EntryCell.m */ = {isa = PBXFileReference; fileEncoding = 4; lastKnownFileType = sourcecode.c.objc; path = EntryCell.m; sourceTree = "<group>"; };
		1EC2E5F01CC2662600A5FC44 /* HelloIOS.app */ = {isa = PBXFileReference; explicitFileType = wrapper.application; includeInIndex = 0; path = HelloIOS.app; sourceTree = BUILT_PRODUCTS_DIR; };
		1EC2E5F41CC2662600A5FC44 /* main.m */ = {isa = PBXFileReference; lastKnownFileType = sourcecode.c.objc; path = main.m; sourceTree = "<group>"; };
		1EC2E5F61CC2662600A5FC44 /* AppDelegate.h */ = {isa = PBXFileReference; lastKnownFileType = sourcecode.c.h; path = AppDelegate.h; sourceTree = "<group>"; };
		1EC2E5F71CC2662600A5FC44 /* AppDelegate.m */ = {isa = PBXFileReference; lastKnownFileType = sourcecode.c.objc; path = AppDelegate.m; sourceTree = "<group>"; };
		1EC2E5F91CC2662600A5FC44 /* ViewController.h */ = {isa = PBXFileReference; lastKnownFileType = sourcecode.c.h; path = ViewController.h; sourceTree = "<group>"; };
		1EC2E5FA1CC2662600A5FC44 /* ViewController.m */ = {isa = PBXFileReference; lastKnownFileType = sourcecode.c.objc; path = ViewController.m; sourceTree = "<group>"; };
		1EC2E6001CC2662600A5FC44 /* HelloIOS.xcdatamodel */ = {isa = PBXFileReference; lastKnownFileType = wrapper.xcdatamodel; path = HelloIOS.xcdatamodel; sourceTree = "<group>"; };
		1EC2E6021CC2662600A5FC44 /* Assets.xcassets */ = {isa = PBXFileReference; lastKnownFileType = folder.assetcatalog; path = Assets.xcassets; sourceTree = "<group>"; };
		1EC2E6051CC2662600A5FC44 /* Base */ = {isa = PBXFileReference; lastKnownFileType = file.storyboard; name = Base; path = Base.lproj/LaunchScreen.storyboard; sourceTree = "<group>"; };
		1EC2E6071CC2662600A5FC44 /* Info.plist */ = {isa = PBXFileReference; lastKnownFileType = text.plist.xml; path = Info.plist; sourceTree = "<group>"; };
		3407599C1D58905600089DB2 /* TableViewCell.h */ = {isa = PBXFileReference; fileEncoding = 4; lastKnownFileType = sourcecode.c.h; path = TableViewCell.h; sourceTree = "<group>"; };
		3407599D1D58905600089DB2 /* TableViewCell.m */ = {isa = PBXFileReference; fileEncoding = 4; lastKnownFileType = sourcecode.c.objc; path = TableViewCell.m; sourceTree = "<group>"; };
		34B6F0AB1DD968EB00E46C20 /* SimpleTableViewController.h */ = {isa = PBXFileReference; fileEncoding = 4; lastKnownFileType = sourcecode.c.h; path = SimpleTableViewController.h; sourceTree = "<group>"; };
		34B6F0AC1DD968EB00E46C20 /* SimpleTableViewController.m */ = {isa = PBXFileReference; fileEncoding = 4; lastKnownFileType = sourcecode.c.objc; path = SimpleTableViewController.m; sourceTree = "<group>"; };
		34C510BB1D5C754B00E4A0BC /* Main.storyboard */ = {isa = PBXFileReference; fileEncoding = 4; lastKnownFileType = file.storyboard; path = Main.storyboard; sourceTree = "<group>"; };
		34C510BC1D5C754B00E4A0BC /* BiggerTableViewCell.h */ = {isa = PBXFileReference; fileEncoding = 4; lastKnownFileType = sourcecode.c.h; path = BiggerTableViewCell.h; sourceTree = "<group>"; };
		34C510BD1D5C754B00E4A0BC /* BiggerTableViewCell.m */ = {isa = PBXFileReference; fileEncoding = 4; lastKnownFileType = sourcecode.c.objc; path = BiggerTableViewCell.m; sourceTree = "<group>"; };
		34C510BE1D5C754B00E4A0BC /* BiggerTableViewController.h */ = {isa = PBXFileReference; fileEncoding = 4; lastKnownFileType = sourcecode.c.h; path = BiggerTableViewController.h; sourceTree = "<group>"; };
		34C510BF1D5C754B00E4A0BC /* BiggerTableViewController.m */ = {isa = PBXFileReference; fileEncoding = 4; lastKnownFileType = sourcecode.c.objc; path = BiggerTableViewController.m; sourceTree = "<group>"; };
/* End PBXFileReference section */

/* Begin PBXFrameworksBuildPhase section */
		1EC2E5ED1CC2662600A5FC44 /* Frameworks */ = {
			isa = PBXFrameworksBuildPhase;
			buildActionMask = 2147483647;
			files = (
			);
			runOnlyForDeploymentPostprocessing = 0;
		};
/* End PBXFrameworksBuildPhase section */

/* Begin PBXGroup section */
		1E13AC481DFAAB0A00455A03 /* Widgets */ = {
			isa = PBXGroup;
			children = (
				1E13AC491DFAAB8400455A03 /* UITableView1.h */,
				1E13AC4A1DFAAB8400455A03 /* UITableView1.m */,
			);
			name = Widgets;
			sourceTree = "<group>";
		};
		1E54A8781D5389CD004ABE82 /* Demo */ = {
			isa = PBXGroup;
			children = (
				1E54A8751D53896F004ABE82 /* MainViewController.h */,
				1E54A8761D53896F004ABE82 /* MainViewController.m */,
				1E434A3B1DDEE1810099EB15 /* UITestController.h */,
				1E434A3C1DDEE1810099EB15 /* UITestController.m */,
				1E13AC4C1DFAD5EA00455A03 /* UITableViewEnhancedController.h */,
				1E13AC4D1DFAD5EA00455A03 /* UITableViewEnhancedController.m */,
				1E2A2D1D1E4DB3BE008998A9 /* AVPlayerViewController.h */,
				1E2A2D1E1E4DB3BE008998A9 /* AVPlayerViewController.m */,
				1E2A2D201E4DB595008998A9 /* PlayerView.h */,
				1E2A2D211E4DB595008998A9 /* PlayerView.m */,
				1E27C86D1EB577CA00405D68 /* RecordController.h */,
				1E27C86E1EB577CA00405D68 /* RecordController.m */,
				1E27C8701EB57B1D00405D68 /* UserDefine.h */,
				1E7D3BD81EB5EDB800FCE97A /* VideoCompositionController.h */,
				1E7D3BD91EB5EDB800FCE97A /* VideoCompositionController.m */,
			);
			name = Demo;
			sourceTree = "<group>";
		};
		1EC2E5E71CC2662600A5FC44 = {
			isa = PBXGroup;
			children = (
				1E434AAF1DDEEC1D0099EB15 /* Resource */,
				1EC2E5F21CC2662600A5FC44 /* HelloIOS */,
				1EC2E5F11CC2662600A5FC44 /* Products */,
			);
			sourceTree = "<group>";
			usesTabs = 1;
		};
		1EC2E5F11CC2662600A5FC44 /* Products */ = {
			isa = PBXGroup;
			children = (
				1EC2E5F01CC2662600A5FC44 /* HelloIOS.app */,
			);
			name = Products;
			sourceTree = "<group>";
		};
		1EC2E5F21CC2662600A5FC44 /* HelloIOS */ = {
			isa = PBXGroup;
			children = (
				1E13AC481DFAAB0A00455A03 /* Widgets */,
				1E54A8781D5389CD004ABE82 /* Demo */,
				1EC2E5F61CC2662600A5FC44 /* AppDelegate.h */,
				1EC2E5F71CC2662600A5FC44 /* AppDelegate.m */,
				1EC2E5F91CC2662600A5FC44 /* ViewController.h */,
				1EC2E5FA1CC2662600A5FC44 /* ViewController.m */,
				3407599C1D58905600089DB2 /* TableViewCell.h */,
				3407599D1D58905600089DB2 /* TableViewCell.m */,
				34C510BB1D5C754B00E4A0BC /* Main.storyboard */,
				34B6F0AB1DD968EB00E46C20 /* SimpleTableViewController.h */,
				34B6F0AC1DD968EB00E46C20 /* SimpleTableViewController.m */,
				34C510BC1D5C754B00E4A0BC /* BiggerTableViewCell.h */,
				34C510BD1D5C754B00E4A0BC /* BiggerTableViewCell.m */,
				34C510BE1D5C754B00E4A0BC /* BiggerTableViewController.h */,
				34C510BF1D5C754B00E4A0BC /* BiggerTableViewController.m */,
				1EC2E6021CC2662600A5FC44 /* Assets.xcassets */,
				1EC2E6041CC2662600A5FC44 /* LaunchScreen.storyboard */,
				1EC2E6071CC2662600A5FC44 /* Info.plist */,
				1EC2E5FF1CC2662600A5FC44 /* HelloIOS.xcdatamodeld */,
				1EC2E5F31CC2662600A5FC44 /* Supporting Files */,
				1EA426301D5499AD008B96A7 /* EntryCell.h */,
				1EA426311D5499AD008B96A7 /* EntryCell.m */,
			);
			path = HelloIOS;
			sourceTree = "<group>";
		};
		1EC2E5F31CC2662600A5FC44 /* Supporting Files */ = {
			isa = PBXGroup;
			children = (
				1EC2E5F41CC2662600A5FC44 /* main.m */,
			);
			name = "Supporting Files";
			sourceTree = "<group>";
		};
/* End PBXGroup section */

/* Begin PBXNativeTarget section */
		1EC2E5EF1CC2662600A5FC44 /* HelloIOS */ = {
			isa = PBXNativeTarget;
			buildConfigurationList = 1EC2E60A1CC2662600A5FC44 /* Build configuration list for PBXNativeTarget "HelloIOS" */;
			buildPhases = (
				1EC2E5EC1CC2662600A5FC44 /* Sources */,
				1EC2E5ED1CC2662600A5FC44 /* Frameworks */,
				1EC2E5EE1CC2662600A5FC44 /* Resources */,
			);
			buildRules = (
			);
			dependencies = (
			);
			name = HelloIOS;
			productName = HelloIOS;
			productReference = 1EC2E5F01CC2662600A5FC44 /* HelloIOS.app */;
			productType = "com.apple.product-type.application";
		};
/* End PBXNativeTarget section */

/* Begin PBXProject section */
		1EC2E5E81CC2662600A5FC44 /* Project object */ = {
			isa = PBXProject;
			attributes = {
				LastUpgradeCheck = 0800;
				ORGANIZATIONNAME = younger;
				TargetAttributes = {
					1EC2E5EF1CC2662600A5FC44 = {
						CreatedOnToolsVersion = 7.3;
						DevelopmentTeam = WR3U379XHN;
						ProvisioningStyle = Automatic;
					};
				};
			};
			buildConfigurationList = 1EC2E5EB1CC2662600A5FC44 /* Build configuration list for PBXProject "HelloIOS" */;
			compatibilityVersion = "Xcode 3.2";
			developmentRegion = English;
			hasScannedForEncodings = 0;
			knownRegions = (
				en,
				Base,
			);
			mainGroup = 1EC2E5E71CC2662600A5FC44;
			productRefGroup = 1EC2E5F11CC2662600A5FC44 /* Products */;
			projectDirPath = "";
			projectRoot = "";
			targets = (
				1EC2E5EF1CC2662600A5FC44 /* HelloIOS */,
			);
		};
/* End PBXProject section */

/* Begin PBXResourcesBuildPhase section */
		1EC2E5EE1CC2662600A5FC44 /* Resources */ = {
			isa = PBXResourcesBuildPhase;
			buildActionMask = 2147483647;
			files = (
				1E434AB11DDEF0B40099EB15 /* Resource in Resources */,
				34C510C01D5C754B00E4A0BC /* Main.storyboard in Resources */,
				1EC2E6061CC2662600A5FC44 /* LaunchScreen.storyboard in Resources */,
				1EC2E6031CC2662600A5FC44 /* Assets.xcassets in Resources */,
			);
			runOnlyForDeploymentPostprocessing = 0;
		};
/* End PBXResourcesBuildPhase section */

/* Begin PBXSourcesBuildPhase section */
		1EC2E5EC1CC2662600A5FC44 /* Sources */ = {
			isa = PBXSourcesBuildPhase;
			buildActionMask = 2147483647;
			files = (
				1E27C86F1EB577CB00405D68 /* RecordController.m in Sources */,
				1E2A2D1F1E4DB3BE008998A9 /* AVPlayerViewController.m in Sources */,
				34C510C11D5C754B00E4A0BC /* BiggerTableViewCell.m in Sources */,
				34C510C21D5C754B00E4A0BC /* BiggerTableViewController.m in Sources */,
				1E13AC4B1DFAAB8400455A03 /* UITableView1.m in Sources */,
				1E2A2D221E4DB595008998A9 /* PlayerView.m in Sources */,
				1E54A8771D53896F004ABE82 /* MainViewController.m in Sources */,
				1EC2E6011CC2662600A5FC44 /* HelloIOS.xcdatamodeld in Sources */,
				1E13AC4E1DFAD5EA00455A03 /* UITableViewEnhancedController.m in Sources */,
				1EA426321D5499AD008B96A7 /* EntryCell.m in Sources */,
				1E7D3BDA1EB5EDB800FCE97A /* VideoCompositionController.m in Sources */,
				1EC2E5FB1CC2662600A5FC44 /* ViewController.m in Sources */,
				3407599E1D58905600089DB2 /* TableViewCell.m in Sources */,
				34B6F0AD1DD968EB00E46C20 /* SimpleTableViewController.m in Sources */,
				1EC2E5F81CC2662600A5FC44 /* AppDelegate.m in Sources */,
				1EC2E5F51CC2662600A5FC44 /* main.m in Sources */,
				1E434A3D1DDEE1810099EB15 /* UITestController.m in Sources */,
			);
			runOnlyForDeploymentPostprocessing = 0;
		};
/* End PBXSourcesBuildPhase section */

/* Begin PBXVariantGroup section */
		1EC2E6041CC2662600A5FC44 /* LaunchScreen.storyboard */ = {
			isa = PBXVariantGroup;
			children = (
				1EC2E6051CC2662600A5FC44 /* Base */,
			);
			name = LaunchScreen.storyboard;
			sourceTree = "<group>";
		};
/* End PBXVariantGroup section */

/* Begin XCBuildConfiguration section */
		1EC2E6081CC2662600A5FC44 /* Debug */ = {
			isa = XCBuildConfiguration;
			buildSettings = {
				ALWAYS_SEARCH_USER_PATHS = NO;
				CLANG_ANALYZER_NONNULL = YES;
				CLANG_CXX_LANGUAGE_STANDARD = "gnu++0x";
				CLANG_CXX_LIBRARY = "libc++";
				CLANG_ENABLE_MODULES = YES;
				CLANG_ENABLE_OBJC_ARC = YES;
				CLANG_WARN_BOOL_CONVERSION = YES;
				CLANG_WARN_CONSTANT_CONVERSION = YES;
				CLANG_WARN_DIRECT_OBJC_ISA_USAGE = YES_ERROR;
				CLANG_WARN_EMPTY_BODY = YES;
				CLANG_WARN_ENUM_CONVERSION = YES;
				CLANG_WARN_INFINITE_RECURSION = YES;
				CLANG_WARN_INT_CONVERSION = YES;
				CLANG_WARN_OBJC_ROOT_CLASS = YES_ERROR;
				CLANG_WARN_SUSPICIOUS_MOVE = YES;
				CLANG_WARN_UNREACHABLE_CODE = YES;
				CLANG_WARN__DUPLICATE_METHOD_MATCH = YES;
				"CODE_SIGN_IDENTITY[sdk=iphoneos*]" = "iPhone Developer";
				COPY_PHASE_STRIP = NO;
				DEBUG_INFORMATION_FORMAT = dwarf;
				ENABLE_STRICT_OBJC_MSGSEND = YES;
				ENABLE_TESTABILITY = YES;
				GCC_C_LANGUAGE_STANDARD = gnu99;
				GCC_DYNAMIC_NO_PIC = NO;
				GCC_NO_COMMON_BLOCKS = YES;
				GCC_OPTIMIZATION_LEVEL = 0;
				GCC_PREPROCESSOR_DEFINITIONS = (
					"DEBUG=1",
					"$(inherited)",
				);
				GCC_WARN_64_TO_32_BIT_CONVERSION = YES;
				GCC_WARN_ABOUT_RETURN_TYPE = YES_ERROR;
				GCC_WARN_UNDECLARED_SELECTOR = YES;
				GCC_WARN_UNINITIALIZED_AUTOS = YES_AGGRESSIVE;
				GCC_WARN_UNUSED_FUNCTION = YES;
				GCC_WARN_UNUSED_VARIABLE = YES;
				IPHONEOS_DEPLOYMENT_TARGET = 9.3;
				MTL_ENABLE_DEBUG_INFO = YES;
				ONLY_ACTIVE_ARCH = YES;
				SDKROOT = iphoneos;
			};
			name = Debug;
		};
		1EC2E6091CC2662600A5FC44 /* Release */ = {
			isa = XCBuildConfiguration;
			buildSettings = {
				ALWAYS_SEARCH_USER_PATHS = NO;
				CLANG_ANALYZER_NONNULL = YES;
				CLANG_CXX_LANGUAGE_STANDARD = "gnu++0x";
				CLANG_CXX_LIBRARY = "libc++";
				CLANG_ENABLE_MODULES = YES;
				CLANG_ENABLE_OBJC_ARC = YES;
				CLANG_WARN_BOOL_CONVERSION = YES;
				CLANG_WARN_CONSTANT_CONVERSION = YES;
				CLANG_WARN_DIRECT_OBJC_ISA_USAGE = YES_ERROR;
				CLANG_WARN_EMPTY_BODY = YES;
				CLANG_WARN_ENUM_CONVERSION = YES;
				CLANG_WARN_INFINITE_RECURSION = YES;
				CLANG_WARN_INT_CONVERSION = YES;
				CLANG_WARN_OBJC_ROOT_CLASS = YES_ERROR;
				CLANG_WARN_SUSPICIOUS_MOVE = YES;
				CLANG_WARN_UNREACHABLE_CODE = YES;
				CLANG_WARN__DUPLICATE_METHOD_MATCH = YES;
				"CODE_SIGN_IDENTITY[sdk=iphoneos*]" = "iPhone Developer";
				COPY_PHASE_STRIP = NO;
				DEBUG_INFORMATION_FORMAT = "dwarf-with-dsym";
				ENABLE_NS_ASSERTIONS = NO;
				ENABLE_STRICT_OBJC_MSGSEND = YES;
				GCC_C_LANGUAGE_STANDARD = gnu99;
				GCC_NO_COMMON_BLOCKS = YES;
				GCC_WARN_64_TO_32_BIT_CONVERSION = YES;
				GCC_WARN_ABOUT_RETURN_TYPE = YES_ERROR;
				GCC_WARN_UNDECLARED_SELECTOR = YES;
				GCC_WARN_UNINITIALIZED_AUTOS = YES_AGGRESSIVE;
				GCC_WARN_UNUSED_FUNCTION = YES;
				GCC_WARN_UNUSED_VARIABLE = YES;
				IPHONEOS_DEPLOYMENT_TARGET = 9.3;
				MTL_ENABLE_DEBUG_INFO = NO;
				SDKROOT = iphoneos;
				VALIDATE_PRODUCT = YES;
			};
			name = Release;
		};
		1EC2E60B1CC2662600A5FC44 /* Debug */ = {
			isa = XCBuildConfiguration;
			buildSettings = {
				ASSETCATALOG_COMPILER_APPICON_NAME = AppIcon;
				CODE_SIGN_IDENTITY = "iPhone Developer";
				"CODE_SIGN_IDENTITY[sdk=iphoneos*]" = "iPhone Developer";
				DEVELOPMENT_TEAM = WR3U379XHN;
				INFOPLIST_FILE = HelloIOS/Info.plist;
				LD_RUNPATH_SEARCH_PATHS = "$(inherited) @executable_path/Frameworks";
				PRODUCT_BUNDLE_IDENTIFIER = com.seth.mobileqq.test;
				PRODUCT_NAME = "$(TARGET_NAME)";
				PROVISIONING_PROFILE = "";
				PROVISIONING_PROFILE_SPECIFIER = "";
			};
			name = Debug;
		};
		1EC2E60C1CC2662600A5FC44 /* Release */ = {
			isa = XCBuildConfiguration;
			buildSettings = {
				ASSETCATALOG_COMPILER_APPICON_NAME = AppIcon;
				CODE_SIGN_IDENTITY = "iPhone Developer";
				"CODE_SIGN_IDENTITY[sdk=iphoneos*]" = "iPhone Developer";
				DEVELOPMENT_TEAM = WR3U379XHN;
				INFOPLIST_FILE = HelloIOS/Info.plist;
				LD_RUNPATH_SEARCH_PATHS = "$(inherited) @executable_path/Frameworks";
				PRODUCT_BUNDLE_IDENTIFIER = com.seth.mobileqq.test;
				PRODUCT_NAME = "$(TARGET_NAME)";
				PROVISIONING_PROFILE = "";
				PROVISIONING_PROFILE_SPECIFIER = "";
			};
			name = Release;
		};
/* End XCBuildConfiguration section */

/* Begin XCConfigurationList section */
		1EC2E5EB1CC2662600A5FC44 /* Build configuration list for PBXProject "HelloIOS" */ = {
			isa = XCConfigurationList;
			buildConfigurations = (
				1EC2E6081CC2662600A5FC44 /* Debug */,
				1EC2E6091CC2662600A5FC44 /* Release */,
			);
			defaultConfigurationIsVisible = 0;
			defaultConfigurationName = Release;
		};
		1EC2E60A1CC2662600A5FC44 /* Build configuration list for PBXNativeTarget "HelloIOS" */ = {
			isa = XCConfigurationList;
			buildConfigurations = (
				1EC2E60B1CC2662600A5FC44 /* Debug */,
				1EC2E60C1CC2662600A5FC44 /* Release */,
			);
			defaultConfigurationIsVisible = 0;
			defaultConfigurationName = Release;
		};
/* End XCConfigurationList section */

/* Begin XCVersionGroup section */
		1EC2E5FF1CC2662600A5FC44 /* HelloIOS.xcdatamodeld */ = {
			isa = XCVersionGroup;
			children = (
				1EC2E6001CC2662600A5FC44 /* HelloIOS.xcdatamodel */,
			);
			currentVersion = 1EC2E6001CC2662600A5FC44 /* HelloIOS.xcdatamodel */;
			path = HelloIOS.xcdatamodeld;
			sourceTree = "<group>";
			versionGroupType = wrapper.xcdatamodel;
		};
/* End XCVersionGroup section */
	};
	rootObject = 1EC2E5E81CC2662600A5FC44 /* Project object */;
}
