// !$*UTF8*$!
{
	archiveVersion = 1;
	classes = {
	};
	objectVersion = 46;
	objects = {

/* Begin PBXBuildFile section */
		1EC2E5F51CC2662600A5FC44 /* main.m in Sources */ = {isa = PBXBuildFile; fileRef = 1EC2E5F41CC2662600A5FC44 /* main.m */; };
		1EC2E5F81CC2662600A5FC44 /* AppDelegate.m in Sources */ = {isa = PBXBuildFile; fileRef = 1EC2E5F71CC2662600A5FC44 /* AppDelegate.m */; };
		1EC2E5FB1CC2662600A5FC44 /* ViewController.m in Sources */ = {isa = PBXBuildFile; fileRef = 1EC2E5FA1CC2662600A5FC44 /* ViewController.m */; };
		1EC2E5FE1CC2662600A5FC44 /* Main.storyboard in Resources */ = {isa = PBXBuildFile; fileRef = 1EC2E5FC1CC2662600A5FC44 /* Main.storyboard */; };
		1EC2E6011CC2662600A5FC44 /* HelloIOS.xcdatamodeld in Sources */ = {isa = PBXBuildFile; fileRef = 1EC2E5FF1CC2662600A5FC44 /* HelloIOS.xcdatamodeld */; };
		1EC2E6031CC2662600A5FC44 /* Assets.xcassets in Resources */ = {isa = PBXBuildFile; fileRef = 1EC2E6021CC2662600A5FC44 /* Assets.xcassets */; };
		1EC2E6061CC2662600A5FC44 /* LaunchScreen.storyboard in Resources */ = {isa = PBXBuildFile; fileRef = 1EC2E6041CC2662600A5FC44 /* LaunchScreen.storyboard */; };
/* End PBXBuildFile section */

/* Begin PBXFileReference section */
		1EC2E5F01CC2662600A5FC44 /* HelloIOS.app */ = {isa = PBXFileReference; explicitFileType = wrapper.application; includeInIndex = 0; path = HelloIOS.app; sourceTree = BUILT_PRODUCTS_DIR; };
		1EC2E5F41CC2662600A5FC44 /* main.m */ = {isa = PBXFileReference; lastKnownFileType = sourcecode.c.objc; path = main.m; sourceTree = "<group>"; };
		1EC2E5F61CC2662600A5FC44 /* AppDelegate.h */ = {isa = PBXFileReference; lastKnownFileType = sourcecode.c.h; path = AppDelegate.h; sourceTree = "<group>"; };
		1EC2E5F71CC2662600A5FC44 /* AppDelegate.m */ = {isa = PBXFileReference; lastKnownFileType = sourcecode.c.objc; path = AppDelegate.m; sourceTree = "<group>"; };
		1EC2E5F91CC2662600A5FC44 /* ViewController.h */ = {isa = PBXFileReference; lastKnownFileType = sourcecode.c.h; path = ViewController.h; sourceTree = "<group>"; };
		1EC2E5FA1CC2662600A5FC44 /* ViewController.m */ = {isa = PBXFileReference; lastKnownFileType = sourcecode.c.objc; path = ViewController.m; sourceTree = "<group>"; };
		1EC2E5FD1CC2662600A5FC44 /* Base */ = {isa = PBXFileReference; lastKnownFileType = file.storyboard; name = Base; path = Base.lproj/Main.storyboard; sourceTree = "<group>"; };
		1EC2E6001CC2662600A5FC44 /* HelloIOS.xcdatamodel */ = {isa = PBXFileReference; lastKnownFileType = wrapper.xcdatamodel; path = HelloIOS.xcdatamodel; sourceTree = "<group>"; };
		1EC2E6021CC2662600A5FC44 /* Assets.xcassets */ = {isa = PBXFileReference; lastKnownFileType = folder.assetcatalog; path = Assets.xcassets; sourceTree = "<group>"; };
		1EC2E6051CC2662600A5FC44 /* Base */ = {isa = PBXFileReference; lastKnownFileType = file.storyboard; name = Base; path = Base.lproj/LaunchScreen.storyboard; sourceTree = "<group>"; };
		1EC2E6071CC2662600A5FC44 /* Info.plist */ = {isa = PBXFileReference; lastKnownFileType = text.plist.xml; path = Info.plist; sourceTree = "<group>"; };
/* End PBXFileReference section */

/* Begin PBXFrameworksBuildPhase section */
		1EC2E5ED1CC2662600A5FC44 /* Frameworks */ = {
			isa = PBXFrameworksBuildPhase;
			buildActionMask = 2147483647;
			files = (
			);
			runOnlyForDeploymentPostprocessing = 0;
		};
/* End PBXFrameworksBuildPhase section */

/* Begin PBXGroup section */
		1EC2E5E71CC2662600A5FC44 = {
			isa = PBXGroup;
			children = (
				1EC2E5F21CC2662600A5FC44 /* HelloIOS */,
				1EC2E5F11CC2662600A5FC44 /* Products */,
			);
			sourceTree = "<group>";
		};
		1EC2E5F11CC2662600A5FC44 /* Products */ = {
			isa = PBXGroup;
			children = (
				1EC2E5F01CC2662600A5FC44 /* HelloIOS.app */,
			);
			name = Products;
			sourceTree = "<group>";
		};
		1EC2E5F21CC2662600A5FC44 /* HelloIOS */ = {
			isa = PBXGroup;
			children = (
				1EC2E5F61CC2662600A5FC44 /* AppDelegate.h */,
				1EC2E5F71CC2662600A5FC44 /* AppDelegate.m */,
				1EC2E5F91CC2662600A5FC44 /* ViewController.h */,
				1EC2E5FA1CC2662600A5FC44 /* ViewController.m */,
				1EC2E5FC1CC2662600A5FC44 /* Main.storyboard */,
				1EC2E6021CC2662600A5FC44 /* Assets.xcassets */,
				1EC2E6041CC2662600A5FC44 /* LaunchScreen.storyboard */,
				1EC2E6071CC2662600A5FC44 /* Info.plist */,
				1EC2E5FF1CC2662600A5FC44 /* HelloIOS.xcdatamodeld */,
				1EC2E5F31CC2662600A5FC44 /* Supporting Files */,
			);
			path = HelloIOS;
			sourceTree = "<group>";
		};
		1EC2E5F31CC2662600A5FC44 /* Supporting Files */ = {
			isa = PBXGroup;
			children = (
				1EC2E5F41CC2662600A5FC44 /* main.m */,
			);
			name = "Supporting Files";
			sourceTree = "<group>";
		};
/* End PBXGroup section */

/* Begin PBXNativeTarget section */
		1EC2E5EF1CC2662600A5FC44 /* HelloIOS */ = {
			isa = PBXNativeTarget;
			buildConfigurationList = 1EC2E60A1CC2662600A5FC44 /* Build configuration list for PBXNativeTarget "HelloIOS" */;
			buildPhases = (
				1EC2E5EC1CC2662600A5FC44 /* Sources */,
				1EC2E5ED1CC2662600A5FC44 /* Frameworks */,
				1EC2E5EE1CC2662600A5FC44 /* Resources */,
			);
			buildRules = (
			);
			dependencies = (
			);
			name = HelloIOS;
			productName = HelloIOS;
			productReference = 1EC2E5F01CC2662600A5FC44 /* HelloIOS.app */;
			productType = "com.apple.product-type.application";
		};
/* End PBXNativeTarget section */

/* Begin PBXProject section */
		1EC2E5E81CC2662600A5FC44 /* Project object */ = {
			isa = PBXProject;
			attributes = {
				LastUpgradeCheck = 0730;
				ORGANIZATIONNAME = younger;
				TargetAttributes = {
					1EC2E5EF1CC2662600A5FC44 = {
						CreatedOnToolsVersion = 7.3;
						DevelopmentTeam = WR3U379XHN;
					};
				};
			};
			buildConfigurationList = 1EC2E5EB1CC2662600A5FC44 /* Build configuration list for PBXProject "HelloIOS" */;
			compatibilityVersion = "Xcode 3.2";
			developmentRegion = English;
			hasScannedForEncodings = 0;
			knownRegions = (
				en,
				Base,
			);
			mainGroup = 1EC2E5E71CC2662600A5FC44;
			productRefGroup = 1EC2E5F11CC2662600A5FC44 /* Products */;
			projectDirPath = "";
			projectRoot = "";
			targets = (
				1EC2E5EF1CC2662600A5FC44 /* HelloIOS */,
			);
		};
/* End PBXProject section */

/* Begin PBXResourcesBuildPhase section */
		1EC2E5EE1CC2662600A5FC44 /* Resources */ = {
			isa = PBXResourcesBuildPhase;
			buildActionMask = 2147483647;
			files = (
				1EC2E6061CC2662600A5FC44 /* LaunchScreen.storyboard in Resources */,
				1EC2E6031CC2662600A5FC44 /* Assets.xcassets in Resources */,
				1EC2E5FE1CC2662600A5FC44 /* Main.storyboard in Resources */,
			);
			runOnlyForDeploymentPostprocessing = 0;
		};
/* End PBXResourcesBuildPhase section */

/* Begin PBXSourcesBuildPhase section */
		1EC2E5EC1CC2662600A5FC44 /* Sources */ = {
			isa = PBXSourcesBuildPhase;
			buildActionMask = 2147483647;
			files = (
				1EC2E6011CC2662600A5FC44 /* HelloIOS.xcdatamodeld in Sources */,
				1EC2E5FB1CC2662600A5FC44 /* ViewController.m in Sources */,
				1EC2E5F81CC2662600A5FC44 /* AppDelegate.m in Sources */,
				1EC2E5F51CC2662600A5FC44 /* main.m in Sources */,
			);
			runOnlyForDeploymentPostprocessing = 0;
		};
/* End PBXSourcesBuildPhase section */

/* Begin PBXVariantGroup section */
		1EC2E5FC1CC2662600A5FC44 /* Main.storyboard */ = {
			isa = PBXVariantGroup;
			children = (
				1EC2E5FD1CC2662600A5FC44 /* Base */,
			);
			name = Main.storyboard;
			sourceTree = "<group>";
		};
		1EC2E6041CC2662600A5FC44 /* LaunchScreen.storyboard */ = {
			isa = PBXVariantGroup;
			children = (
				1EC2E6051CC2662600A5FC44 /* Base */,
			);
			name = LaunchScreen.storyboard;
			sourceTree = "<group>";
		};
/* End PBXVariantGroup section */

/* Begin XCBuildConfiguration section */
		1EC2E6081CC2662600A5FC44 /* Debug */ = {
			isa = XCBuildConfiguration;
			buildSettings = {
				ALWAYS_SEARCH_USER_PATHS = NO;
				CLANG_ANALYZER_NONNULL = YES;
				CLANG_CXX_LANGUAGE_STANDARD = "gnu++0x";
				CLANG_CXX_LIBRARY = "libc++";
				CLANG_ENABLE_MODULES = YES;
				CLANG_ENABLE_OBJC_ARC = YES;
				CLANG_WARN_BOOL_CONVERSION = YES;
				CLANG_WARN_CONSTANT_CONVERSION = YES;
				CLANG_WARN_DIRECT_OBJC_ISA_USAGE = YES_ERROR;
				CLANG_WARN_EMPTY_BODY = YES;
				CLANG_WARN_ENUM_CONVERSION = YES;
				CLANG_WARN_INT_CONVERSION = YES;
				CLANG_WARN_OBJC_ROOT_CLASS = YES_ERROR;
				CLANG_WARN_UNREACHABLE_CODE = YES;
				CLANG_WARN__DUPLICATE_METHOD_MATCH = YES;
				"CODE_SIGN_IDENTITY[sdk=iphoneos*]" = "iPhone Developer";
				COPY_PHASE_STRIP = NO;
				DEBUG_INFORMATION_FORMAT = dwarf;
				ENABLE_STRICT_OBJC_MSGSEND = YES;
				ENABLE_TESTABILITY = YES;
				GCC_C_LANGUAGE_STANDARD = gnu99;
				GCC_DYNAMIC_NO_PIC = NO;
				GCC_NO_COMMON_BLOCKS = YES;
				GCC_OPTIMIZATION_LEVEL = 0;
				GCC_PREPROCESSOR_DEFINITIONS = (
					"DEBUG=1",
					"$(inherited)",
				);
				GCC_WARN_64_TO_32_BIT_CONVERSION = YES;
				GCC_WARN_ABOUT_RETURN_TYPE = YES_ERROR;
				GCC_WARN_UNDECLARED_SELECTOR = YES;
				GCC_WARN_UNINITIALIZED_AUTOS = YES_AGGRESSIVE;
				GCC_WARN_UNUSED_FUNCTION = YES;
				GCC_WARN_UNUSED_VARIABLE = YES;
				IPHONEOS_DEPLOYMENT_TARGET = 9.3;
				MTL_ENABLE_DEBUG_INFO = YES;
				ONLY_ACTIVE_ARCH = YES;
				SDKROOT = iphoneos;
			};
			name = Debug;
		};
		1EC2E6091CC2662600A5FC44 /* Release */ = {
			isa = XCBuildConfiguration;
			buildSettings = {
				ALWAYS_SEARCH_USER_PATHS = NO;
				CLANG_ANALYZER_NONNULL = YES;
				CLANG_CXX_LANGUAGE_STANDARD = "gnu++0x";
				CLANG_CXX_LIBRARY = "libc++";
				CLANG_ENABLE_MODULES = YES;
				CLANG_ENABLE_OBJC_ARC = YES;
				CLANG_WARN_BOOL_CONVERSION = YES;
				CLANG_WARN_CONSTANT_CONVERSION = YES;
				CLANG_WARN_DIRECT_OBJC_ISA_USAGE = YES_ERROR;
				CLANG_WARN_EMPTY_BODY = YES;
				CLANG_WARN_ENUM_CONVERSION = YES;
				CLANG_WARN_INT_CONVERSION = YES;
				CLANG_WARN_OBJC_ROOT_CLASS = YES_ERROR;
				CLANG_WARN_UNREACHABLE_CODE = YES;
				CLANG_WARN__DUPLICATE_METHOD_MATCH = YES;
				"CODE_SIGN_IDENTITY[sdk=iphoneos*]" = "iPhone Developer";
				COPY_PHASE_STRIP = NO;
				DEBUG_INFORMATION_FORMAT = "dwarf-with-dsym";
				ENABLE_NS_ASSERTIONS = NO;
				ENABLE_STRICT_OBJC_MSGSEND = YES;
				GCC_C_LANGUAGE_STANDARD = gnu99;
				GCC_NO_COMMON_BLOCKS = YES;
				GCC_WARN_64_TO_32_BIT_CONVERSION = YES;
				GCC_WARN_ABOUT_RETURN_TYPE = YES_ERROR;
				GCC_WARN_UNDECLARED_SELECTOR = YES;
				GCC_WARN_UNINITIALIZED_AUTOS = YES_AGGRESSIVE;
				GCC_WARN_UNUSED_FUNCTION = YES;
				GCC_WARN_UNUSED_VARIABLE = YES;
				IPHONEOS_DEPLOYMENT_TARGET = 9.3;
				MTL_ENABLE_DEBUG_INFO = NO;
				SDKROOT = iphoneos;
				VALIDATE_PRODUCT = YES;
			};
			name = Release;
		};
		1EC2E60B1CC2662600A5FC44 /* Debug */ = {
			isa = XCBuildConfiguration;
			buildSettings = {
				ASSETCATALOG_COMPILER_APPICON_NAME = AppIcon;
				INFOPLIST_FILE = HelloIOS/Info.plist;
				LD_RUNPATH_SEARCH_PATHS = "$(inherited) @executable_path/Frameworks";
				PRODUCT_BUNDLE_IDENTIFIER = younger.HelloIOS;
				PRODUCT_NAME = "$(TARGET_NAME)";
			};
			name = Debug;
		};
		1EC2E60C1CC2662600A5FC44 /* Release */ = {
			isa = XCBuildConfiguration;
			buildSettings = {
				ASSETCATALOG_COMPILER_APPICON_NAME = AppIcon;
				INFOPLIST_FILE = HelloIOS/Info.plist;
				LD_RUNPATH_SEARCH_PATHS = "$(inherited) @executable_path/Frameworks";
				PRODUCT_BUNDLE_IDENTIFIER = younger.HelloIOS;
				PRODUCT_NAME = "$(TARGET_NAME)";
			};
			name = Release;
		};
/* End XCBuildConfiguration section */

/* Begin XCConfigurationList section */
		1EC2E5EB1CC2662600A5FC44 /* Build configuration list for PBXProject "HelloIOS" */ = {
			isa = XCConfigurationList;
			buildConfigurations = (
				1EC2E6081CC2662600A5FC44 /* Debug */,
				1EC2E6091CC2662600A5FC44 /* Release */,
			);
			defaultConfigurationIsVisible = 0;
			defaultConfigurationName = Release;
		};
		1EC2E60A1CC2662600A5FC44 /* Build configuration list for PBXNativeTarget "HelloIOS" */ = {
			isa = XCConfigurationList;
			buildConfigurations = (
				1EC2E60B1CC2662600A5FC44 /* Debug */,
				1EC2E60C1CC2662600A5FC44 /* Release */,
			);
			defaultConfigurationIsVisible = 0;
		};
/* End XCConfigurationList section */

/* Begin XCVersionGroup section */
		1EC2E5FF1CC2662600A5FC44 /* HelloIOS.xcdatamodeld */ = {
			isa = XCVersionGroup;
			children = (
				1EC2E6001CC2662600A5FC44 /* HelloIOS.xcdatamodel */,
			);
			currentVersion = 1EC2E6001CC2662600A5FC44 /* HelloIOS.xcdatamodel */;
			path = HelloIOS.xcdatamodeld;
			sourceTree = "<group>";
			versionGroupType = wrapper.xcdatamodel;
		};
/* End XCVersionGroup section */
	};
	rootObject = 1EC2E5E81CC2662600A5FC44 /* Project object */;
}
